
Microsoft Visual Studio Solution File, Format Version 12.00
# Visual Studio Version 16
VisualStudioVersion = 16.0.29709.97
MinimumVisualStudioVersion = 10.0.40219.1
Project("{FAE04EC0-301F-11D3-BF4B-00C04F79EFBC}") = "MedLab", "MedLab\MedLab.csproj", "{A81A8F77-DF0C-4800-9D14-2A8CB8812E5A}"
EndProject
Global
	GlobalSection(SolutionConfigurationPlatforms) = preSolution
		Debug|Any CPU = Debug|Any CPU
		Release|Any CPU = Release|Any CPU
	EndGlobalSection
	GlobalSection(ProjectConfigurationPlatforms) = postSolution
		{A81A8F77-DF0C-4800-9D14-2A8CB8812E5A}.Debug|Any CPU.ActiveCfg = Debug|Any CPU
		{A81A8F77-DF0C-4800-9D14-2A8CB8812E5A}.Debug|Any CPU.Build.0 = Debug|Any CPU
		{A81A8F77-DF0C-4800-9D14-2A8CB8812E5A}.Release|Any CPU.ActiveCfg = Release|Any CPU
		{A81A8F77-DF0C-4800-9D14-2A8CB8812E5A}.Release|Any CPU.Build.0 = Release|Any CPU
	EndGlobalSection
	GlobalSection(SolutionProperties) = preSolution
		HideSolutionNode = FALSE
	EndGlobalSection
	GlobalSection(ExtensibilityGlobals) = postSolution
		SolutionGuid = {EA49CF11-4DF2-4F8B-9D7D-2A4A2BEC623D}
	EndGlobalSection
EndGlobal
